
Microsoft Visual Studio Solution File, Format Version 12.00
# Visual Studio 15
VisualStudioVersion = 15.0.28307.645
MinimumVisualStudioVersion = 10.0.40219.1
Project("{9A19103F-16F7-4668-BE54-9A1E7A4F7556}") = "App", "CanonicalEquation\App.csproj", "{8F2BA4C9-5142-4B99-9694-01C5D25805F4}"
EndProject
Project("{9A19103F-16F7-4668-BE54-9A1E7A4F7556}") = "Tests", "Tests\Tests.csproj", "{C6C264EB-F51C-44AB-8C0E-B1274B4C30D7}"
EndProject
Project("{9A19103F-16F7-4668-BE54-9A1E7A4F7556}") = "Logic", "Logic\Logic.csproj", "{9AE82695-C0C1-40CA-BA10-B14123BD26C4}"
EndProject
Global
	GlobalSection(SolutionConfigurationPlatforms) = preSolution
		Debug|Any CPU = Debug|Any CPU
		Release|Any CPU = Release|Any CPU
	EndGlobalSection
	GlobalSection(ProjectConfigurationPlatforms) = postSolution
		{8F2BA4C9-5142-4B99-9694-01C5D25805F4}.Debug|Any CPU.ActiveCfg = Debug|Any CPU
		{8F2BA4C9-5142-4B99-9694-01C5D25805F4}.Debug|Any CPU.Build.0 = Debug|Any CPU
		{8F2BA4C9-5142-4B99-9694-01C5D25805F4}.Release|Any CPU.ActiveCfg = Release|Any CPU
		{8F2BA4C9-5142-4B99-9694-01C5D25805F4}.Release|Any CPU.Build.0 = Release|Any CPU
		{C6C264EB-F51C-44AB-8C0E-B1274B4C30D7}.Debug|Any CPU.ActiveCfg = Debug|Any CPU
		{C6C264EB-F51C-44AB-8C0E-B1274B4C30D7}.Debug|Any CPU.Build.0 = Debug|Any CPU
		{C6C264EB-F51C-44AB-8C0E-B1274B4C30D7}.Release|Any CPU.ActiveCfg = Release|Any CPU
		{C6C264EB-F51C-44AB-8C0E-B1274B4C30D7}.Release|Any CPU.Build.0 = Release|Any CPU
		{9AE82695-C0C1-40CA-BA10-B14123BD26C4}.Debug|Any CPU.ActiveCfg = Debug|Any CPU
		{9AE82695-C0C1-40CA-BA10-B14123BD26C4}.Debug|Any CPU.Build.0 = Debug|Any CPU
		{9AE82695-C0C1-40CA-BA10-B14123BD26C4}.Release|Any CPU.ActiveCfg = Release|Any CPU
		{9AE82695-C0C1-40CA-BA10-B14123BD26C4}.Release|Any CPU.Build.0 = Release|Any CPU
	EndGlobalSection
	GlobalSection(SolutionProperties) = preSolution
		HideSolutionNode = FALSE
	EndGlobalSection
	GlobalSection(ExtensibilityGlobals) = postSolution
		SolutionGuid = {F5EC170F-469D-44BE-84E0-C27F6CBB4F51}
	EndGlobalSection
EndGlobal
